
Microsoft Visual Studio Solution File, Format Version 12.00
# Visual Studio Version 17
VisualStudioVersion = 17.7.34009.444
MinimumVisualStudioVersion = 10.0.40219.1
Project("{9A19103F-16F7-4668-BE54-9A1E7A4F7556}") = "MyOpinion", "MyOpinion\MyOpinion.csproj", "{F38B9CA0-633D-4D7D-A152-DD45CFD26306}"
EndProject
Global
	GlobalSection(SolutionConfigurationPlatforms) = preSolution
		Debug|Any CPU = Debug|Any CPU
		Release|Any CPU = Release|Any CPU
	EndGlobalSection
	GlobalSection(ProjectConfigurationPlatforms) = postSolution
		{F38B9CA0-633D-4D7D-A152-DD45CFD26306}.Debug|Any CPU.ActiveCfg = Debug|Any CPU
		{F38B9CA0-633D-4D7D-A152-DD45CFD26306}.Debug|Any CPU.Build.0 = Debug|Any CPU
		{F38B9CA0-633D-4D7D-A152-DD45CFD26306}.Release|Any CPU.ActiveCfg = Release|Any CPU
		{F38B9CA0-633D-4D7D-A152-DD45CFD26306}.Release|Any CPU.Build.0 = Release|Any CPU
	EndGlobalSection
	GlobalSection(SolutionProperties) = preSolution
		HideSolutionNode = FALSE
	EndGlobalSection
	GlobalSection(ExtensibilityGlobals) = postSolution
		SolutionGuid = {5E6B2B6E-CB35-4C7E-B634-00B32A8F2BDA}
	EndGlobalSection
EndGlobal
